
Microsoft Visual Studio Solution File, Format Version 12.00
# Visual Studio Version 17
VisualStudioVersion = 17.11.34929.205
MinimumVisualStudioVersion = 10.0.40219.1
Project("{FAE04EC0-301F-11D3-BF4B-00C04F79EFBC}") = "MobileAppImageGenerator.ConsoleApp", "MobileAppImageGenerator.ConsoleApp\MobileAppImageGenerator.ConsoleApp.csproj", "{9C78A057-E260-48A3-82ED-37EF5ACD849B}"
EndProject
Project("{FAE04EC0-301F-11D3-BF4B-00C04F79EFBC}") = "MobileAppImageGenerator.Core", "MobileAppImageGenerator\MobileAppImageGenerator.Core.csproj", "{032A6E6E-A618-405B-BD76-1406A8745CB2}"
EndProject
Global
	GlobalSection(SolutionConfigurationPlatforms) = preSolution
		Debug|Any CPU = Debug|Any CPU
		Release|Any CPU = Release|Any CPU
	EndGlobalSection
	GlobalSection(ProjectConfigurationPlatforms) = postSolution
		{9C78A057-E260-48A3-82ED-37EF5ACD849B}.Debug|Any CPU.ActiveCfg = Debug|Any CPU
		{9C78A057-E260-48A3-82ED-37EF5ACD849B}.Debug|Any CPU.Build.0 = Debug|Any CPU
		{9C78A057-E260-48A3-82ED-37EF5ACD849B}.Release|Any CPU.ActiveCfg = Release|Any CPU
		{9C78A057-E260-48A3-82ED-37EF5ACD849B}.Release|Any CPU.Build.0 = Release|Any CPU
		{032A6E6E-A618-405B-BD76-1406A8745CB2}.Debug|Any CPU.ActiveCfg = Debug|Any CPU
		{032A6E6E-A618-405B-BD76-1406A8745CB2}.Debug|Any CPU.Build.0 = Debug|Any CPU
		{032A6E6E-A618-405B-BD76-1406A8745CB2}.Release|Any CPU.ActiveCfg = Release|Any CPU
		{032A6E6E-A618-405B-BD76-1406A8745CB2}.Release|Any CPU.Build.0 = Release|Any CPU
	EndGlobalSection
	GlobalSection(SolutionProperties) = preSolution
		HideSolutionNode = FALSE
	EndGlobalSection
	GlobalSection(ExtensibilityGlobals) = postSolution
		SolutionGuid = {0B1BBF02-C5CC-4260-843D-B5BAFE27FCCF}
	EndGlobalSection
EndGlobal
